lockfileVersion: '9.0'

settings:
  autoInstallPeers: true
  excludeLinksFromLockfile: false

importers:

  .:
    dependencies:
      mux.js:
        specifier: ^6.3.0
        version: 6.3.0

packages:

  '@babel/runtime@7.29.7':
    resolution: {integrity: sha512-Nq8OhGWiZIZGV6hLHoyAKLLcJihP/xFeBMGJoUrxTX2psI8dCifzLhZISFb+VWS3wFMRDmCGw5R+dOySCqPLhw==}
    engines: {node: '>=6.9.0'}

  dom-walk@0.1.2:
    resolution: {integrity: sha512-6QvTW9mrGeIegrFXdtQi9pk7O/nSK6lSdXW2eqUspN5LWD7UTji2Fqw5V2YLjBpHEoU9Xl/eUWNpDeZvoyOv2w==}

  global@4.4.0:
    resolution: {integrity: sha512-wv/LAoHdRE3BeTGz53FAamhGlPLhlssK45usmGFThIi4XqnBmjKQ16u+RNbP7WvigRZDxUsM0J3gcQ5yicaL0w==}

  min-document@2.19.2:
    resolution: {integrity: sha512-8S5I8db/uZN8r9HSLFVWPdJCvYOejMcEC82VIzNUc6Zkklf/d1gg2psfE79/vyhWOj4+J8MtwmoOz3TmvaGu5A==}

  mux.js@6.3.0:
    resolution: {integrity: sha512-/QTkbSAP2+w1nxV+qTcumSDN5PA98P0tjrADijIzQHe85oBK3Akhy9AHlH0ne/GombLMz1rLyvVsmrgRxoPDrQ==}
    engines: {node: '>=8', npm: '>=5'}
    hasBin: true

  process@0.11.10:
    resolution: {integrity: sha512-cdGef/drWFoydD1JsMzuFf8100nZl+GT+yacc2bEced5f9Rjk4z+WtFUTBu9PhOi9j/jfmBPu0mMEY4wIdAF8A==}
    engines: {node: '>= 0.6.0'}

snapshots:

  '@babel/runtime@7.29.7': {}

  dom-walk@0.1.2: {}

  global@4.4.0:
    dependencies:
      min-document: 2.19.2
      process: 0.11.10

  min-document@2.19.2:
    dependencies:
      dom-walk: 0.1.2

  mux.js@6.3.0:
    dependencies:
      '@babel/runtime': 7.29.7
      global: 4.4.0

  process@0.11.10: {}
